
Microsoft Visual Studio Solution File, Format Version 12.00
# Visual Studio 15
VisualStudioVersion = 15.0.28307.136
MinimumVisualStudioVersion = 10.0.40219.1
Project("{FAE04EC0-301F-11D3-BF4B-00C04F79EFBC}") = "WpfApp1", "WpfApp1\WpfApp1.csproj", "{D5E549C2-B8FD-437F-B78B-9EF792E2EC8A}"
EndProject
Project("{FAE04EC0-301F-11D3-BF4B-00C04F79EFBC}") = "ConsoleApp1", "ConsoleApp1\ConsoleApp1.csproj", "{F26A568C-A74F-4680-BBB6-DE4BA2A4177D}"
EndProject
Project("{FAE04EC0-301F-11D3-BF4B-00C04F79EFBC}") = "ShowFalledRain", "ShowFalledRain\ShowFalledRain.csproj", "{64FDBAC4-C164-430F-86F2-7E7DBFA29805}"
EndProject
Project("{FAE04EC0-301F-11D3-BF4B-00C04F79EFBC}") = "WpfApp3", "WpfApp3\WpfApp3.csproj", "{D9CE1D1C-DB72-49D4-B6A1-62608D36EAB2}"
EndProject
Project("{FAE04EC0-301F-11D3-BF4B-00C04F79EFBC}") = "WpfApp4", "WpfApp4\WpfApp4.csproj", "{5A92863C-0879-4CF4-BF26-D302104AABC3}"
EndProject
Project("{FAE04EC0-301F-11D3-BF4B-00C04F79EFBC}") = "ConsoleApp2", "ConsoleApp2\ConsoleApp2.csproj", "{61D5D7E4-D0D1-464F-BD1C-7ECEDD3E1B1E}"
EndProject
Project("{FAE04EC0-301F-11D3-BF4B-00C04F79EFBC}") = "Ideas", "Ideas\Ideas.csproj", "{6FF790CF-B64C-4573-BFBB-381197CAD876}"
EndProject
Project("{FAE04EC0-301F-11D3-BF4B-00C04F79EFBC}") = "Medicines", "Medicines\Medicines.csproj", "{0DE98D8F-3EEF-40C7-9699-B42939758D49}"
EndProject
Project("{FAE04EC0-301F-11D3-BF4B-00C04F79EFBC}") = "Settings", "Settings\Settings.csproj", "{ABCB3E70-85C9-4ACB-AD80-CDF2F8D47D67}"
EndProject
Global
	GlobalSection(SolutionConfigurationPlatforms) = preSolution
		Debug|Any CPU = Debug|Any CPU
		Release|Any CPU = Release|Any CPU
	EndGlobalSection
	GlobalSection(ProjectConfigurationPlatforms) = postSolution
		{D5E549C2-B8FD-437F-B78B-9EF792E2EC8A}.Debug|Any CPU.ActiveCfg = Debug|Any CPU
		{D5E549C2-B8FD-437F-B78B-9EF792E2EC8A}.Debug|Any CPU.Build.0 = Debug|Any CPU
		{D5E549C2-B8FD-437F-B78B-9EF792E2EC8A}.Release|Any CPU.ActiveCfg = Release|Any CPU
		{D5E549C2-B8FD-437F-B78B-9EF792E2EC8A}.Release|Any CPU.Build.0 = Release|Any CPU
		{F26A568C-A74F-4680-BBB6-DE4BA2A4177D}.Debug|Any CPU.ActiveCfg = Debug|Any CPU
		{F26A568C-A74F-4680-BBB6-DE4BA2A4177D}.Debug|Any CPU.Build.0 = Debug|Any CPU
		{F26A568C-A74F-4680-BBB6-DE4BA2A4177D}.Release|Any CPU.ActiveCfg = Release|Any CPU
		{F26A568C-A74F-4680-BBB6-DE4BA2A4177D}.Release|Any CPU.Build.0 = Release|Any CPU
		{64FDBAC4-C164-430F-86F2-7E7DBFA29805}.Debug|Any CPU.ActiveCfg = Debug|Any CPU
		{64FDBAC4-C164-430F-86F2-7E7DBFA29805}.Debug|Any CPU.Build.0 = Debug|Any CPU
		{64FDBAC4-C164-430F-86F2-7E7DBFA29805}.Release|Any CPU.ActiveCfg = Release|Any CPU
		{64FDBAC4-C164-430F-86F2-7E7DBFA29805}.Release|Any CPU.Build.0 = Release|Any CPU
		{D9CE1D1C-DB72-49D4-B6A1-62608D36EAB2}.Debug|Any CPU.ActiveCfg = Debug|Any CPU
		{D9CE1D1C-DB72-49D4-B6A1-62608D36EAB2}.Debug|Any CPU.Build.0 = Debug|Any CPU
		{D9CE1D1C-DB72-49D4-B6A1-62608D36EAB2}.Release|Any CPU.ActiveCfg = Release|Any CPU
		{D9CE1D1C-DB72-49D4-B6A1-62608D36EAB2}.Release|Any CPU.Build.0 = Release|Any CPU
		{5A92863C-0879-4CF4-BF26-D302104AABC3}.Debug|Any CPU.ActiveCfg = Debug|Any CPU
		{5A92863C-0879-4CF4-BF26-D302104AABC3}.Debug|Any CPU.Build.0 = Debug|Any CPU
		{5A92863C-0879-4CF4-BF26-D302104AABC3}.Release|Any CPU.ActiveCfg = Release|Any CPU
		{5A92863C-0879-4CF4-BF26-D302104AABC3}.Release|Any CPU.Build.0 = Release|Any CPU
		{61D5D7E4-D0D1-464F-BD1C-7ECEDD3E1B1E}.Debug|Any CPU.ActiveCfg = Debug|Any CPU
		{61D5D7E4-D0D1-464F-BD1C-7ECEDD3E1B1E}.Debug|Any CPU.Build.0 = Debug|Any CPU
		{61D5D7E4-D0D1-464F-BD1C-7ECEDD3E1B1E}.Release|Any CPU.ActiveCfg = Release|Any CPU
		{61D5D7E4-D0D1-464F-BD1C-7ECEDD3E1B1E}.Release|Any CPU.Build.0 = Release|Any CPU
		{6FF790CF-B64C-4573-BFBB-381197CAD876}.Debug|Any CPU.ActiveCfg = Debug|Any CPU
		{6FF790CF-B64C-4573-BFBB-381197CAD876}.Debug|Any CPU.Build.0 = Debug|Any CPU
		{6FF790CF-B64C-4573-BFBB-381197CAD876}.Release|Any CPU.ActiveCfg = Release|Any CPU
		{6FF790CF-B64C-4573-BFBB-381197CAD876}.Release|Any CPU.Build.0 = Release|Any CPU
		{0DE98D8F-3EEF-40C7-9699-B42939758D49}.Debug|Any CPU.ActiveCfg = Debug|Any CPU
		{0DE98D8F-3EEF-40C7-9699-B42939758D49}.Debug|Any CPU.Build.0 = Debug|Any CPU
		{0DE98D8F-3EEF-40C7-9699-B42939758D49}.Release|Any CPU.ActiveCfg = Release|Any CPU
		{0DE98D8F-3EEF-40C7-9699-B42939758D49}.Release|Any CPU.Build.0 = Release|Any CPU
		{ABCB3E70-85C9-4ACB-AD80-CDF2F8D47D67}.Debug|Any CPU.ActiveCfg = Debug|Any CPU
		{ABCB3E70-85C9-4ACB-AD80-CDF2F8D47D67}.Debug|Any CPU.Build.0 = Debug|Any CPU
		{ABCB3E70-85C9-4ACB-AD80-CDF2F8D47D67}.Release|Any CPU.ActiveCfg = Release|Any CPU
		{ABCB3E70-85C9-4ACB-AD80-CDF2F8D47D67}.Release|Any CPU.Build.0 = Release|Any CPU
	EndGlobalSection
	GlobalSection(SolutionProperties) = preSolution
		HideSolutionNode = FALSE
	EndGlobalSection
	GlobalSection(ExtensibilityGlobals) = postSolution
		SolutionGuid = {27D727B0-886D-48E0-9939-C88A34C5EDA1}
	EndGlobalSection
EndGlobal
