
Microsoft Visual Studio Solution File, Format Version 12.00
# Visual Studio 15
VisualStudioVersion = 15.0.28307.136
MinimumVisualStudioVersion = 10.0.40219.1
Project("{FAE04EC0-301F-11D3-BF4B-00C04F79EFBC}") = "WpfApp1", "WpfApp1\WpfApp1.csproj", "{D5E549C2-B8FD-437F-B78B-9EF792E2EC8A}"
EndProject
Global
	GlobalSection(SolutionConfigurationPlatforms) = preSolution
		Debug|Any CPU = Debug|Any CPU
		Release|Any CPU = Release|Any CPU
	EndGlobalSection
	GlobalSection(ProjectConfigurationPlatforms) = postSolution
		{D5E549C2-B8FD-437F-B78B-9EF792E2EC8A}.Debug|Any CPU.ActiveCfg = Debug|Any CPU
		{D5E549C2-B8FD-437F-B78B-9EF792E2EC8A}.Debug|Any CPU.Build.0 = Debug|Any CPU
		{D5E549C2-B8FD-437F-B78B-9EF792E2EC8A}.Release|Any CPU.ActiveCfg = Release|Any CPU
		{D5E549C2-B8FD-437F-B78B-9EF792E2EC8A}.Release|Any CPU.Build.0 = Release|Any CPU
	EndGlobalSection
	GlobalSection(SolutionProperties) = preSolution
		HideSolutionNode = FALSE
	EndGlobalSection
	GlobalSection(ExtensibilityGlobals) = postSolution
		SolutionGuid = {27D727B0-886D-48E0-9939-C88A34C5EDA1}
	EndGlobalSection
EndGlobal
